// !$*UTF8*$!
{
	archiveVersion = 1;
	classes = {
	};
	objectVersion = 56;
	objects = {

/* Begin PBXBuildFile section */
		012375B52A45D66800EB9042 /* AccountDetailsView.swift in Sources */ = {isa = PBXBuildFile; fileRef = 012375B42A45D66800EB9042 /* AccountDetailsView.swift */; };
		012375B72A4689FF00EB9042 /* TransactionsView.swift in Sources */ = {isa = PBXBuildFile; fileRef = 012375B62A4689FF00EB9042 /* TransactionsView.swift */; };
		012375B92A468A6800EB9042 /* ExpensesView.swift in Sources */ = {isa = PBXBuildFile; fileRef = 012375B82A468A6800EB9042 /* ExpensesView.swift */; };
		01B8721A2A43D4E500F0D264 /* README.md in Resources */ = {isa = PBXBuildFile; fileRef = 01B872192A43D4E500F0D264 /* README.md */; };
		01BA3CAF2A4573B300EA94A1 /* HomeView.swift in Sources */ = {isa = PBXBuildFile; fileRef = 01BA3CAE2A4573B300EA94A1 /* HomeView.swift */; };
		01BA3CB32A4575A700EA94A1 /* OfferView.swift in Sources */ = {isa = PBXBuildFile; fileRef = 01BA3CB22A4575A700EA94A1 /* OfferView.swift */; };
		01BA3CC92A45902B00EA94A1 /* AdobeClean-It.ttf in Resources */ = {isa = PBXBuildFile; fileRef = 01BA3CBE2A45901200EA94A1 /* AdobeClean-It.ttf */; };
		01BA3CCA2A45902B00EA94A1 /* AdobeClean-Bold.ttf in Resources */ = {isa = PBXBuildFile; fileRef = 01BA3CB52A45901100EA94A1 /* AdobeClean-Bold.ttf */; };
		01BA3CCB2A45902B00EA94A1 /* AdobeClean-Regular.ttf in Resources */ = {isa = PBXBuildFile; fileRef = 01BA3CC22A45901300EA94A1 /* AdobeClean-Regular.ttf */; };
		01BA3CCC2A45902B00EA94A1 /* AdobeClean-SemiLightIt.ttf in Resources */ = {isa = PBXBuildFile; fileRef = 01BA3CC72A45901300EA94A1 /* AdobeClean-SemiLightIt.ttf */; };
		01BA3CCD2A45902B00EA94A1 /* AdobeClean-ExtraBold.ttf in Resources */ = {isa = PBXBuildFile; fileRef = 01BA3CBA2A45901200EA94A1 /* AdobeClean-ExtraBold.ttf */; };
		01BA3CCE2A45902B00EA94A1 /* AdobeClean-BlackIt.ttf in Resources */ = {isa = PBXBuildFile; fileRef = 01BA3CC82A45901300EA94A1 /* AdobeClean-BlackIt.ttf */; };
		01BA3CCF2A45902B00EA94A1 /* AdobeClean-Light.ttf in Resources */ = {isa = PBXBuildFile; fileRef = 01BA3CB62A45901200EA94A1 /* AdobeClean-Light.ttf */; };
		01BA3CD02A45902B00EA94A1 /* AdobeClean-SemiLight.ttf in Resources */ = {isa = PBXBuildFile; fileRef = 01BA3CC62A45901300EA94A1 /* AdobeClean-SemiLight.ttf */; };
		01BA3CD12A45902B00EA94A1 /* AdobeClean-BoldCond.ttf in Resources */ = {isa = PBXBuildFile; fileRef = 01BA3CB82A45901200EA94A1 /* AdobeClean-BoldCond.ttf */; };
		01BA3CD22A45902B00EA94A1 /* AdobeClean-ExtraBoldIt.ttf in Resources */ = {isa = PBXBuildFile; fileRef = 01BA3CBC2A45901200EA94A1 /* AdobeClean-ExtraBoldIt.ttf */; };
		01BA3CD32A45902B00EA94A1 /* AdobeClean-BoldCondIt.ttf in Resources */ = {isa = PBXBuildFile; fileRef = 01BA3CBF2A45901200EA94A1 /* AdobeClean-BoldCondIt.ttf */; };
		01BA3CD42A45902B00EA94A1 /* AdobeClean-CondIt.ttf in Resources */ = {isa = PBXBuildFile; fileRef = 01BA3CB72A45901200EA94A1 /* AdobeClean-CondIt.ttf */; };
		01BA3CD52A45902B00EA94A1 /* AdobeClean-SemiCn.ttf in Resources */ = {isa = PBXBuildFile; fileRef = 01BA3CC32A45901300EA94A1 /* AdobeClean-SemiCn.ttf */; };
		01BA3CD62A45902B00EA94A1 /* AdobeClean-BoldIt.ttf in Resources */ = {isa = PBXBuildFile; fileRef = 01BA3CBD2A45901200EA94A1 /* AdobeClean-BoldIt.ttf */; };
		01BA3CD72A45902B00EA94A1 /* AdobeClean-BoldSemiCn.ttf in Resources */ = {isa = PBXBuildFile; fileRef = 01BA3CC12A45901200EA94A1 /* AdobeClean-BoldSemiCn.ttf */; };
		01BA3CD82A45902B00EA94A1 /* AdobeClean-SemiCnIt.ttf in Resources */ = {isa = PBXBuildFile; fileRef = 01BA3CC52A45901300EA94A1 /* AdobeClean-SemiCnIt.ttf */; };
		01BA3CD92A45902B00EA94A1 /* AdobeClean-BoldSemiCnIt.ttf in Resources */ = {isa = PBXBuildFile; fileRef = 01BA3CC02A45901200EA94A1 /* AdobeClean-BoldSemiCnIt.ttf */; };
		01BA3CDA2A45902B00EA94A1 /* AdobeClean-LightIt.ttf in Resources */ = {isa = PBXBuildFile; fileRef = 01BA3CBB2A45901200EA94A1 /* AdobeClean-LightIt.ttf */; };
		01BA3CDB2A45902B00EA94A1 /* AdobeClean-Cond.ttf in Resources */ = {isa = PBXBuildFile; fileRef = 01BA3CB92A45901200EA94A1 /* AdobeClean-Cond.ttf */; };
		01BA3CDC2A45902B00EA94A1 /* AdobeClean-Black.ttf in Resources */ = {isa = PBXBuildFile; fileRef = 01BA3CC42A45901300EA94A1 /* AdobeClean-Black.ttf */; };
		01D2E3E62A19D2190020D7F7 /* securbank_iosApp.swift in Sources */ = {isa = PBXBuildFile; fileRef = 01D2E3E52A19D2190020D7F7 /* securbank_iosApp.swift */; };
		01D2E3E82A19D2190020D7F7 /* ContentView.swift in Sources */ = {isa = PBXBuildFile; fileRef = 01D2E3E72A19D2190020D7F7 /* ContentView.swift */; };
		01D2E3EA2A19D21A0020D7F7 /* Assets.xcassets in Resources */ = {isa = PBXBuildFile; fileRef = 01D2E3E92A19D21A0020D7F7 /* Assets.xcassets */; };
		01D2E3ED2A19D21A0020D7F7 /* Preview Assets.xcassets in Resources */ = {isa = PBXBuildFile; fileRef = 01D2E3EC2A19D21A0020D7F7 /* Preview Assets.xcassets */; };
		01F5B7FC2A5170F80080CBEE /* TransactionView.swift in Sources */ = {isa = PBXBuildFile; fileRef = 01F5B7FB2A5170F80080CBEE /* TransactionView.swift */; };
/* End PBXBuildFile section */

/* Begin PBXFileReference section */
		012375B42A45D66800EB9042 /* AccountDetailsView.swift */ = {isa = PBXFileReference; lastKnownFileType = sourcecode.swift; path = AccountDetailsView.swift; sourceTree = "<group>"; };
		012375B62A4689FF00EB9042 /* TransactionsView.swift */ = {isa = PBXFileReference; lastKnownFileType = sourcecode.swift; path = TransactionsView.swift; sourceTree = "<group>"; };
		012375B82A468A6800EB9042 /* ExpensesView.swift */ = {isa = PBXFileReference; lastKnownFileType = sourcecode.swift; path = ExpensesView.swift; sourceTree = "<group>"; };
		01B872192A43D4E500F0D264 /* README.md */ = {isa = PBXFileReference; fileEncoding = 4; lastKnownFileType = net.daringfireball.markdown; path = README.md; sourceTree = SOURCE_ROOT; };
		01BA3CAE2A4573B300EA94A1 /* HomeView.swift */ = {isa = PBXFileReference; lastKnownFileType = sourcecode.swift; path = HomeView.swift; sourceTree = "<group>"; };
		01BA3CB22A4575A700EA94A1 /* OfferView.swift */ = {isa = PBXFileReference; lastKnownFileType = sourcecode.swift; path = OfferView.swift; sourceTree = "<group>"; };
		01BA3CB52A45901100EA94A1 /* AdobeClean-Bold.ttf */ = {isa = PBXFileReference; lastKnownFileType = file; path = "AdobeClean-Bold.ttf"; sourceTree = "<group>"; };
		01BA3CB62A45901200EA94A1 /* AdobeClean-Light.ttf */ = {isa = PBXFileReference; lastKnownFileType = file; path = "AdobeClean-Light.ttf"; sourceTree = "<group>"; };
		01BA3CB72A45901200EA94A1 /* AdobeClean-CondIt.ttf */ = {isa = PBXFileReference; lastKnownFileType = file; path = "AdobeClean-CondIt.ttf"; sourceTree = "<group>"; };
		01BA3CB82A45901200EA94A1 /* AdobeClean-BoldCond.ttf */ = {isa = PBXFileReference; lastKnownFileType = file; path = "AdobeClean-BoldCond.ttf"; sourceTree = "<group>"; };
		01BA3CB92A45901200EA94A1 /* AdobeClean-Cond.ttf */ = {isa = PBXFileReference; lastKnownFileType = file; path = "AdobeClean-Cond.ttf"; sourceTree = "<group>"; };
		01BA3CBA2A45901200EA94A1 /* AdobeClean-ExtraBold.ttf */ = {isa = PBXFileReference; lastKnownFileType = file; path = "AdobeClean-ExtraBold.ttf"; sourceTree = "<group>"; };
		01BA3CBB2A45901200EA94A1 /* AdobeClean-LightIt.ttf */ = {isa = PBXFileReference; lastKnownFileType = file; path = "AdobeClean-LightIt.ttf"; sourceTree = "<group>"; };
		01BA3CBC2A45901200EA94A1 /* AdobeClean-ExtraBoldIt.ttf */ = {isa = PBXFileReference; lastKnownFileType = file; path = "AdobeClean-ExtraBoldIt.ttf"; sourceTree = "<group>"; };
		01BA3CBD2A45901200EA94A1 /* AdobeClean-BoldIt.ttf */ = {isa = PBXFileReference; lastKnownFileType = file; path = "AdobeClean-BoldIt.ttf"; sourceTree = "<group>"; };
		01BA3CBE2A45901200EA94A1 /* AdobeClean-It.ttf */ = {isa = PBXFileReference; lastKnownFileType = file; path = "AdobeClean-It.ttf"; sourceTree = "<group>"; };
		01BA3CBF2A45901200EA94A1 /* AdobeClean-BoldCondIt.ttf */ = {isa = PBXFileReference; lastKnownFileType = file; path = "AdobeClean-BoldCondIt.ttf"; sourceTree = "<group>"; };
		01BA3CC02A45901200EA94A1 /* AdobeClean-BoldSemiCnIt.ttf */ = {isa = PBXFileReference; lastKnownFileType = file; path = "AdobeClean-BoldSemiCnIt.ttf"; sourceTree = "<group>"; };
		01BA3CC12A45901200EA94A1 /* AdobeClean-BoldSemiCn.ttf */ = {isa = PBXFileReference; lastKnownFileType = file; path = "AdobeClean-BoldSemiCn.ttf"; sourceTree = "<group>"; };
		01BA3CC22A45901300EA94A1 /* AdobeClean-Regular.ttf */ = {isa = PBXFileReference; lastKnownFileType = file; path = "AdobeClean-Regular.ttf"; sourceTree = "<group>"; };
		01BA3CC32A45901300EA94A1 /* AdobeClean-SemiCn.ttf */ = {isa = PBXFileReference; lastKnownFileType = file; path = "AdobeClean-SemiCn.ttf"; sourceTree = "<group>"; };
		01BA3CC42A45901300EA94A1 /* AdobeClean-Black.ttf */ = {isa = PBXFileReference; lastKnownFileType = file; path = "AdobeClean-Black.ttf"; sourceTree = "<group>"; };
		01BA3CC52A45901300EA94A1 /* AdobeClean-SemiCnIt.ttf */ = {isa = PBXFileReference; lastKnownFileType = file; path = "AdobeClean-SemiCnIt.ttf"; sourceTree = "<group>"; };
		01BA3CC62A45901300EA94A1 /* AdobeClean-SemiLight.ttf */ = {isa = PBXFileReference; lastKnownFileType = file; path = "AdobeClean-SemiLight.ttf"; sourceTree = "<group>"; };
		01BA3CC72A45901300EA94A1 /* AdobeClean-SemiLightIt.ttf */ = {isa = PBXFileReference; lastKnownFileType = file; path = "AdobeClean-SemiLightIt.ttf"; sourceTree = "<group>"; };
		01BA3CC82A45901300EA94A1 /* AdobeClean-BlackIt.ttf */ = {isa = PBXFileReference; lastKnownFileType = file; path = "AdobeClean-BlackIt.ttf"; sourceTree = "<group>"; };
		01BA3CDD2A45C3DF00EA94A1 /* Info.plist */ = {isa = PBXFileReference; lastKnownFileType = text.plist; path = Info.plist; sourceTree = "<group>"; };
		01D2E3E22A19D2190020D7F7 /* securbank-ios.app */ = {isa = PBXFileReference; explicitFileType = wrapper.application; includeInIndex = 0; path = "securbank-ios.app"; sourceTree = BUILT_PRODUCTS_DIR; };
		01D2E3E52A19D2190020D7F7 /* securbank_iosApp.swift */ = {isa = PBXFileReference; lastKnownFileType = sourcecode.swift; path = securbank_iosApp.swift; sourceTree = "<group>"; };
		01D2E3E72A19D2190020D7F7 /* ContentView.swift */ = {isa = PBXFileReference; lastKnownFileType = sourcecode.swift; path = ContentView.swift; sourceTree = "<group>"; };
		01D2E3E92A19D21A0020D7F7 /* Assets.xcassets */ = {isa = PBXFileReference; lastKnownFileType = folder.assetcatalog; path = Assets.xcassets; sourceTree = "<group>"; };
		01D2E3EC2A19D21A0020D7F7 /* Preview Assets.xcassets */ = {isa = PBXFileReference; lastKnownFileType = folder.assetcatalog; path = "Preview Assets.xcassets"; sourceTree = "<group>"; };
		01F5B7FB2A5170F80080CBEE /* TransactionView.swift */ = {isa = PBXFileReference; lastKnownFileType = sourcecode.swift; path = TransactionView.swift; sourceTree = "<group>"; };
/* End PBXFileReference section */

/* Begin PBXFrameworksBuildPhase section */
		01D2E3DF2A19D2190020D7F7 /* Frameworks */ = {
			isa = PBXFrameworksBuildPhase;
			buildActionMask = 2147483647;
			files = (
			);
			runOnlyForDeploymentPostprocessing = 0;
		};
/* End PBXFrameworksBuildPhase section */

/* Begin PBXGroup section */
		01BA3CB42A458CC600EA94A1 /* fonts */ = {
			isa = PBXGroup;
			children = (
				01BA3CC42A45901300EA94A1 /* AdobeClean-Black.ttf */,
				01BA3CC82A45901300EA94A1 /* AdobeClean-BlackIt.ttf */,
				01BA3CB52A45901100EA94A1 /* AdobeClean-Bold.ttf */,
				01BA3CB82A45901200EA94A1 /* AdobeClean-BoldCond.ttf */,
				01BA3CBF2A45901200EA94A1 /* AdobeClean-BoldCondIt.ttf */,
				01BA3CBD2A45901200EA94A1 /* AdobeClean-BoldIt.ttf */,
				01BA3CC12A45901200EA94A1 /* AdobeClean-BoldSemiCn.ttf */,
				01BA3CC02A45901200EA94A1 /* AdobeClean-BoldSemiCnIt.ttf */,
				01BA3CB92A45901200EA94A1 /* AdobeClean-Cond.ttf */,
				01BA3CB72A45901200EA94A1 /* AdobeClean-CondIt.ttf */,
				01BA3CBA2A45901200EA94A1 /* AdobeClean-ExtraBold.ttf */,
				01BA3CBC2A45901200EA94A1 /* AdobeClean-ExtraBoldIt.ttf */,
				01BA3CBE2A45901200EA94A1 /* AdobeClean-It.ttf */,
				01BA3CB62A45901200EA94A1 /* AdobeClean-Light.ttf */,
				01BA3CBB2A45901200EA94A1 /* AdobeClean-LightIt.ttf */,
				01BA3CC22A45901300EA94A1 /* AdobeClean-Regular.ttf */,
				01BA3CC32A45901300EA94A1 /* AdobeClean-SemiCn.ttf */,
				01BA3CC52A45901300EA94A1 /* AdobeClean-SemiCnIt.ttf */,
				01BA3CC62A45901300EA94A1 /* AdobeClean-SemiLight.ttf */,
				01BA3CC72A45901300EA94A1 /* AdobeClean-SemiLightIt.ttf */,
			);
			path = fonts;
			sourceTree = "<group>";
		};
		01D2E3D92A19D2190020D7F7 = {
			isa = PBXGroup;
			children = (
				01B872192A43D4E500F0D264 /* README.md */,
				01D2E3E42A19D2190020D7F7 /* securbank-ios */,
				01D2E3E32A19D2190020D7F7 /* Products */,
			);
			sourceTree = "<group>";
		};
		01D2E3E32A19D2190020D7F7 /* Products */ = {
			isa = PBXGroup;
			children = (
				01D2E3E22A19D2190020D7F7 /* securbank-ios.app */,
			);
			name = Products;
			sourceTree = "<group>";
		};
		01D2E3E42A19D2190020D7F7 /* securbank-ios */ = {
			isa = PBXGroup;
			children = (
				01BA3CDD2A45C3DF00EA94A1 /* Info.plist */,
				01BA3CB42A458CC600EA94A1 /* fonts */,
				01D2E3E52A19D2190020D7F7 /* securbank_iosApp.swift */,
				01D2E3E72A19D2190020D7F7 /* ContentView.swift */,
				01BA3CAE2A4573B300EA94A1 /* HomeView.swift */,
				01BA3CB22A4575A700EA94A1 /* OfferView.swift */,
				012375B42A45D66800EB9042 /* AccountDetailsView.swift */,
				012375B62A4689FF00EB9042 /* TransactionsView.swift */,
				01F5B7FB2A5170F80080CBEE /* TransactionView.swift */,
				012375B82A468A6800EB9042 /* ExpensesView.swift */,
				01D2E3E92A19D21A0020D7F7 /* Assets.xcassets */,
				01D2E3EB2A19D21A0020D7F7 /* Preview Content */,
			);
			path = "securbank-ios";
			sourceTree = "<group>";
		};
		01D2E3EB2A19D21A0020D7F7 /* Preview Content */ = {
			isa = PBXGroup;
			children = (
				01D2E3EC2A19D21A0020D7F7 /* Preview Assets.xcassets */,
			);
			path = "Preview Content";
			sourceTree = "<group>";
		};
/* End PBXGroup section */

/* Begin PBXNativeTarget section */
		01D2E3E12A19D2190020D7F7 /* securbank-ios */ = {
			isa = PBXNativeTarget;
			buildConfigurationList = 01D2E3F02A19D21A0020D7F7 /* Build configuration list for PBXNativeTarget "securbank-ios" */;
			buildPhases = (
				01D2E3DE2A19D2190020D7F7 /* Sources */,
				01D2E3DF2A19D2190020D7F7 /* Frameworks */,
				01D2E3E02A19D2190020D7F7 /* Resources */,
			);
			buildRules = (
			);
			dependencies = (
			);
			name = "securbank-ios";
			productName = "securbank-ios";
			productReference = 01D2E3E22A19D2190020D7F7 /* securbank-ios.app */;
			productType = "com.apple.product-type.application";
		};
/* End PBXNativeTarget section */

/* Begin PBXProject section */
		01D2E3DA2A19D2190020D7F7 /* Project object */ = {
			isa = PBXProject;
			attributes = {
				BuildIndependentTargetsInParallel = 1;
				LastSwiftUpdateCheck = 1430;
				LastUpgradeCheck = 1430;
				TargetAttributes = {
					01D2E3E12A19D2190020D7F7 = {
						CreatedOnToolsVersion = 14.3;
					};
				};
			};
			buildConfigurationList = 01D2E3DD2A19D2190020D7F7 /* Build configuration list for PBXProject "securbank-ios" */;
			compatibilityVersion = "Xcode 14.0";
			developmentRegion = en;
			hasScannedForEncodings = 0;
			knownRegions = (
				en,
				Base,
			);
			mainGroup = 01D2E3D92A19D2190020D7F7;
			productRefGroup = 01D2E3E32A19D2190020D7F7 /* Products */;
			projectDirPath = "";
			projectRoot = "";
			targets = (
				01D2E3E12A19D2190020D7F7 /* securbank-ios */,
			);
		};
/* End PBXProject section */

/* Begin PBXResourcesBuildPhase section */
		01D2E3E02A19D2190020D7F7 /* Resources */ = {
			isa = PBXResourcesBuildPhase;
			buildActionMask = 2147483647;
			files = (
				01B8721A2A43D4E500F0D264 /* README.md in Resources */,
				01BA3CD82A45902B00EA94A1 /* AdobeClean-SemiCnIt.ttf in Resources */,
				01BA3CC92A45902B00EA94A1 /* AdobeClean-It.ttf in Resources */,
				01D2E3ED2A19D21A0020D7F7 /* Preview Assets.xcassets in Resources */,
				01BA3CD22A45902B00EA94A1 /* AdobeClean-ExtraBoldIt.ttf in Resources */,
				01D2E3EA2A19D21A0020D7F7 /* Assets.xcassets in Resources */,
				01BA3CCD2A45902B00EA94A1 /* AdobeClean-ExtraBold.ttf in Resources */,
				01BA3CCC2A45902B00EA94A1 /* AdobeClean-SemiLightIt.ttf in Resources */,
				01BA3CDA2A45902B00EA94A1 /* AdobeClean-LightIt.ttf in Resources */,
				01BA3CCA2A45902B00EA94A1 /* AdobeClean-Bold.ttf in Resources */,
				01BA3CD32A45902B00EA94A1 /* AdobeClean-BoldCondIt.ttf in Resources */,
				01BA3CD02A45902B00EA94A1 /* AdobeClean-SemiLight.ttf in Resources */,
				01BA3CDB2A45902B00EA94A1 /* AdobeClean-Cond.ttf in Resources */,
				01BA3CCB2A45902B00EA94A1 /* AdobeClean-Regular.ttf in Resources */,
				01BA3CDC2A45902B00EA94A1 /* AdobeClean-Black.ttf in Resources */,
				01BA3CD52A45902B00EA94A1 /* AdobeClean-SemiCn.ttf in Resources */,
				01BA3CD72A45902B00EA94A1 /* AdobeClean-BoldSemiCn.ttf in Resources */,
				01BA3CD42A45902B00EA94A1 /* AdobeClean-CondIt.ttf in Resources */,
				01BA3CD92A45902B00EA94A1 /* AdobeClean-BoldSemiCnIt.ttf in Resources */,
				01BA3CD62A45902B00EA94A1 /* AdobeClean-BoldIt.ttf in Resources */,
				01BA3CCE2A45902B00EA94A1 /* AdobeClean-BlackIt.ttf in Resources */,
				01BA3CCF2A45902B00EA94A1 /* AdobeClean-Light.ttf in Resources */,
				01BA3CD12A45902B00EA94A1 /* AdobeClean-BoldCond.ttf in Resources */,
			);
			runOnlyForDeploymentPostprocessing = 0;
		};
/* End PBXResourcesBuildPhase section */

/* Begin PBXSourcesBuildPhase section */
		01D2E3DE2A19D2190020D7F7 /* Sources */ = {
			isa = PBXSourcesBuildPhase;
			buildActionMask = 2147483647;
			files = (
				01BA3CAF2A4573B300EA94A1 /* HomeView.swift in Sources */,
				01F5B7FC2A5170F80080CBEE /* TransactionView.swift in Sources */,
				01D2E3E82A19D2190020D7F7 /* ContentView.swift in Sources */,
				01D2E3E62A19D2190020D7F7 /* securbank_iosApp.swift in Sources */,
				012375B92A468A6800EB9042 /* ExpensesView.swift in Sources */,
				012375B52A45D66800EB9042 /* AccountDetailsView.swift in Sources */,
				01BA3CB32A4575A700EA94A1 /* OfferView.swift in Sources */,
				012375B72A4689FF00EB9042 /* TransactionsView.swift in Sources */,
			);
			runOnlyForDeploymentPostprocessing = 0;
		};
/* End PBXSourcesBuildPhase section */

/* Begin XCBuildConfiguration section */
		01D2E3EE2A19D21A0020D7F7 /* Debug */ = {
			isa = XCBuildConfiguration;
			buildSettings = {
				ALWAYS_SEARCH_USER_PATHS = NO;
				CLANG_ANALYZER_NONNULL = YES;
				CLANG_ANALYZER_NUMBER_OBJECT_CONVERSION = YES_AGGRESSIVE;
				CLANG_CXX_LANGUAGE_STANDARD = "gnu++20";
				CLANG_ENABLE_MODULES = YES;
				CLANG_ENABLE_OBJC_ARC = YES;
				CLANG_ENABLE_OBJC_WEAK = YES;
				CLANG_WARN_BLOCK_CAPTURE_AUTORELEASING = YES;
				CLANG_WARN_BOOL_CONVERSION = YES;
				CLANG_WARN_COMMA = YES;
				CLANG_WARN_CONSTANT_CONVERSION = YES;
				CLANG_WARN_DEPRECATED_OBJC_IMPLEMENTATIONS = YES;
				CLANG_WARN_DIRECT_OBJC_ISA_USAGE = YES_ERROR;
				CLANG_WARN_DOCUMENTATION_COMMENTS = YES;
				CLANG_WARN_EMPTY_BODY = YES;
				CLANG_WARN_ENUM_CONVERSION = YES;
				CLANG_WARN_INFINITE_RECURSION = YES;
				CLANG_WARN_INT_CONVERSION = YES;
				CLANG_WARN_NON_LITERAL_NULL_CONVERSION = YES;
				CLANG_WARN_OBJC_IMPLICIT_RETAIN_SELF = YES;
				CLANG_WARN_OBJC_LITERAL_CONVERSION = YES;
				CLANG_WARN_OBJC_ROOT_CLASS = YES_ERROR;
				CLANG_WARN_QUOTED_INCLUDE_IN_FRAMEWORK_HEADER = YES;
				CLANG_WARN_RANGE_LOOP_ANALYSIS = YES;
				CLANG_WARN_STRICT_PROTOTYPES = YES;
				CLANG_WARN_SUSPICIOUS_MOVE = YES;
				CLANG_WARN_UNGUARDED_AVAILABILITY = YES_AGGRESSIVE;
				CLANG_WARN_UNREACHABLE_CODE = YES;
				CLANG_WARN__DUPLICATE_METHOD_MATCH = YES;
				COPY_PHASE_STRIP = NO;
				DEBUG_INFORMATION_FORMAT = dwarf;
				ENABLE_STRICT_OBJC_MSGSEND = YES;
				ENABLE_TESTABILITY = YES;
				GCC_C_LANGUAGE_STANDARD = gnu11;
				GCC_DYNAMIC_NO_PIC = NO;
				GCC_NO_COMMON_BLOCKS = YES;
				GCC_OPTIMIZATION_LEVEL = 0;
				GCC_PREPROCESSOR_DEFINITIONS = (
					"DEBUG=1",
					"$(inherited)",
				);
				GCC_WARN_64_TO_32_BIT_CONVERSION = YES;
				GCC_WARN_ABOUT_RETURN_TYPE = YES_ERROR;
				GCC_WARN_UNDECLARED_SELECTOR = YES;
				GCC_WARN_UNINITIALIZED_AUTOS = YES_AGGRESSIVE;
				GCC_WARN_UNUSED_FUNCTION = YES;
				GCC_WARN_UNUSED_VARIABLE = YES;
				IPHONEOS_DEPLOYMENT_TARGET = 16.4;
				MTL_ENABLE_DEBUG_INFO = INCLUDE_SOURCE;
				MTL_FAST_MATH = YES;
				ONLY_ACTIVE_ARCH = YES;
				SDKROOT = iphoneos;
				SWIFT_ACTIVE_COMPILATION_CONDITIONS = DEBUG;
				SWIFT_OPTIMIZATION_LEVEL = "-Onone";
			};
			name = Debug;
		};
		01D2E3EF2A19D21A0020D7F7 /* Release */ = {
			isa = XCBuildConfiguration;
			buildSettings = {
				ALWAYS_SEARCH_USER_PATHS = NO;
				CLANG_ANALYZER_NONNULL = YES;
				CLANG_ANALYZER_NUMBER_OBJECT_CONVERSION = YES_AGGRESSIVE;
				CLANG_CXX_LANGUAGE_STANDARD = "gnu++20";
				CLANG_ENABLE_MODULES = YES;
				CLANG_ENABLE_OBJC_ARC = YES;
				CLANG_ENABLE_OBJC_WEAK = YES;
				CLANG_WARN_BLOCK_CAPTURE_AUTORELEASING = YES;
				CLANG_WARN_BOOL_CONVERSION = YES;
				CLANG_WARN_COMMA = YES;
				CLANG_WARN_CONSTANT_CONVERSION = YES;
				CLANG_WARN_DEPRECATED_OBJC_IMPLEMENTATIONS = YES;
				CLANG_WARN_DIRECT_OBJC_ISA_USAGE = YES_ERROR;
				CLANG_WARN_DOCUMENTATION_COMMENTS = YES;
				CLANG_WARN_EMPTY_BODY = YES;
				CLANG_WARN_ENUM_CONVERSION = YES;
				CLANG_WARN_INFINITE_RECURSION = YES;
				CLANG_WARN_INT_CONVERSION = YES;
				CLANG_WARN_NON_LITERAL_NULL_CONVERSION = YES;
				CLANG_WARN_OBJC_IMPLICIT_RETAIN_SELF = YES;
				CLANG_WARN_OBJC_LITERAL_CONVERSION = YES;
				CLANG_WARN_OBJC_ROOT_CLASS = YES_ERROR;
				CLANG_WARN_QUOTED_INCLUDE_IN_FRAMEWORK_HEADER = YES;
				CLANG_WARN_RANGE_LOOP_ANALYSIS = YES;
				CLANG_WARN_STRICT_PROTOTYPES = YES;
				CLANG_WARN_SUSPICIOUS_MOVE = YES;
				CLANG_WARN_UNGUARDED_AVAILABILITY = YES_AGGRESSIVE;
				CLANG_WARN_UNREACHABLE_CODE = YES;
				CLANG_WARN__DUPLICATE_METHOD_MATCH = YES;
				COPY_PHASE_STRIP = NO;
				DEBUG_INFORMATION_FORMAT = "dwarf-with-dsym";
				ENABLE_NS_ASSERTIONS = NO;
				ENABLE_STRICT_OBJC_MSGSEND = YES;
				GCC_C_LANGUAGE_STANDARD = gnu11;
				GCC_NO_COMMON_BLOCKS = YES;
				GCC_WARN_64_TO_32_BIT_CONVERSION = YES;
				GCC_WARN_ABOUT_RETURN_TYPE = YES_ERROR;
				GCC_WARN_UNDECLARED_SELECTOR = YES;
				GCC_WARN_UNINITIALIZED_AUTOS = YES_AGGRESSIVE;
				GCC_WARN_UNUSED_FUNCTION = YES;
				GCC_WARN_UNUSED_VARIABLE = YES;
				IPHONEOS_DEPLOYMENT_TARGET = 16.4;
				MTL_ENABLE_DEBUG_INFO = NO;
				MTL_FAST_MATH = YES;
				SDKROOT = iphoneos;
				SWIFT_COMPILATION_MODE = wholemodule;
				SWIFT_OPTIMIZATION_LEVEL = "-O";
				VALIDATE_PRODUCT = YES;
			};
			name = Release;
		};
		01D2E3F12A19D21A0020D7F7 /* Debug */ = {
			isa = XCBuildConfiguration;
			buildSettings = {
				ASSETCATALOG_COMPILER_APPICON_NAME = AppIcon;
				ASSETCATALOG_COMPILER_GLOBAL_ACCENT_COLOR_NAME = AccentColor;
				CODE_SIGN_STYLE = Automatic;
				CURRENT_PROJECT_VERSION = 1;
				DEVELOPMENT_ASSET_PATHS = "\"securbank-ios/Preview Content\"";
				DEVELOPMENT_TEAM = 438B6V379G;
				ENABLE_PREVIEWS = YES;
				GENERATE_INFOPLIST_FILE = YES;
				INFOPLIST_FILE = "securbank-ios/Info.plist";
				INFOPLIST_KEY_CFBundleDisplayName = SecurBank;
				INFOPLIST_KEY_UIApplicationSceneManifest_Generation = YES;
				INFOPLIST_KEY_UIApplicationSupportsIndirectInputEvents = YES;
				INFOPLIST_KEY_UILaunchScreen_Generation = YES;
				INFOPLIST_KEY_UISupportedInterfaceOrientations_iPad = "UIInterfaceOrientationPortrait UIInterfaceOrientationPortraitUpsideDown UIInterfaceOrientationLandscapeLeft UIInterfaceOrientationLandscapeRight";
				INFOPLIST_KEY_UISupportedInterfaceOrientations_iPhone = "UIInterfaceOrientationPortrait UIInterfaceOrientationLandscapeLeft UIInterfaceOrientationLandscapeRight";
				LD_RUNPATH_SEARCH_PATHS = (
					"$(inherited)",
					"@executable_path/Frameworks",
				);
				MARKETING_VERSION = 1.0;
				PRODUCT_BUNDLE_IDENTIFIER = "com.markszulc.securbank-ios";
				PRODUCT_NAME = "$(TARGET_NAME)";
				SWIFT_EMIT_LOC_STRINGS = YES;
				SWIFT_VERSION = 5.0;
				TARGETED_DEVICE_FAMILY = "1,2";
			};
			name = Debug;
		};
		01D2E3F22A19D21A0020D7F7 /* Release */ = {
			isa = XCBuildConfiguration;
			buildSettings = {
				ASSETCATALOG_COMPILER_APPICON_NAME = AppIcon;
				ASSETCATALOG_COMPILER_GLOBAL_ACCENT_COLOR_NAME = AccentColor;
				CODE_SIGN_STYLE = Automatic;
				CURRENT_PROJECT_VERSION = 1;
				DEVELOPMENT_ASSET_PATHS = "\"securbank-ios/Preview Content\"";
				DEVELOPMENT_TEAM = 438B6V379G;
				ENABLE_PREVIEWS = YES;
				GENERATE_INFOPLIST_FILE = YES;
				INFOPLIST_FILE = "securbank-ios/Info.plist";
				INFOPLIST_KEY_CFBundleDisplayName = SecurBank;
				INFOPLIST_KEY_UIApplicationSceneManifest_Generation = YES;
				INFOPLIST_KEY_UIApplicationSupportsIndirectInputEvents = YES;
				INFOPLIST_KEY_UILaunchScreen_Generation = YES;
				INFOPLIST_KEY_UISupportedInterfaceOrientations_iPad = "UIInterfaceOrientationPortrait UIInterfaceOrientationPortraitUpsideDown UIInterfaceOrientationLandscapeLeft UIInterfaceOrientationLandscapeRight";
				INFOPLIST_KEY_UISupportedInterfaceOrientations_iPhone = "UIInterfaceOrientationPortrait UIInterfaceOrientationLandscapeLeft UIInterfaceOrientationLandscapeRight";
				LD_RUNPATH_SEARCH_PATHS = (
					"$(inherited)",
					"@executable_path/Frameworks",
				);
				MARKETING_VERSION = 1.0;
				PRODUCT_BUNDLE_IDENTIFIER = "com.markszulc.securbank-ios";
				PRODUCT_NAME = "$(TARGET_NAME)";
				SWIFT_EMIT_LOC_STRINGS = YES;
				SWIFT_VERSION = 5.0;
				TARGETED_DEVICE_FAMILY = "1,2";
			};
			name = Release;
		};
/* End XCBuildConfiguration section */

/* Begin XCConfigurationList section */
		01D2E3DD2A19D2190020D7F7 /* Build configuration list for PBXProject "securbank-ios" */ = {
			isa = XCConfigurationList;
			buildConfigurations = (
				01D2E3EE2A19D21A0020D7F7 /* Debug */,
				01D2E3EF2A19D21A0020D7F7 /* Release */,
			);
			defaultConfigurationIsVisible = 0;
			defaultConfigurationName = Release;
		};
		01D2E3F02A19D21A0020D7F7 /* Build configuration list for PBXNativeTarget "securbank-ios" */ = {
			isa = XCConfigurationList;
			buildConfigurations = (
				01D2E3F12A19D21A0020D7F7 /* Debug */,
				01D2E3F22A19D21A0020D7F7 /* Release */,
			);
			defaultConfigurationIsVisible = 0;
			defaultConfigurationName = Release;
		};
/* End XCConfigurationList section */
	};
	rootObject = 01D2E3DA2A19D2190020D7F7 /* Project object */;
}
